
Microsoft Visual Studio Solution File, Format Version 12.00
# Visual Studio Version 16
VisualStudioVersion = 16.0.31729.503
MinimumVisualStudioVersion = 10.0.40219.1
Project("{9A19103F-16F7-4668-BE54-9A1E7A4F7556}") = "SimpleNote", "SimpleNote\SimpleNote.csproj", "{A94EF2FF-8FC3-4422-9D11-9437FDEEACE6}"
EndProject
Project("{9A19103F-16F7-4668-BE54-9A1E7A4F7556}") = "SimpleNote.DbMigrator", "SimpleNote.DbMigrator\SimpleNote.DbMigrator.csproj", "{64827004-7B67-4E05-BDEF-8FB8DCE3F465}"
EndProject
Project("{FAE04EC0-301F-11D3-BF4B-00C04F79EFBC}") = "SimpleNote.Tests", "SimpleNote.Tests\SimpleNote.Tests.csproj", "{3CAF040D-EEF3-43EF-9731-6B20F95F8C9F}"
EndProject
Global
	GlobalSection(SolutionConfigurationPlatforms) = preSolution
		Debug|Any CPU = Debug|Any CPU
		Release|Any CPU = Release|Any CPU
	EndGlobalSection
	GlobalSection(ProjectConfigurationPlatforms) = postSolution
		{A94EF2FF-8FC3-4422-9D11-9437FDEEACE6}.Debug|Any CPU.ActiveCfg = Debug|Any CPU
		{A94EF2FF-8FC3-4422-9D11-9437FDEEACE6}.Debug|Any CPU.Build.0 = Debug|Any CPU
		{A94EF2FF-8FC3-4422-9D11-9437FDEEACE6}.Release|Any CPU.ActiveCfg = Release|Any CPU
		{A94EF2FF-8FC3-4422-9D11-9437FDEEACE6}.Release|Any CPU.Build.0 = Release|Any CPU
		{64827004-7B67-4E05-BDEF-8FB8DCE3F465}.Debug|Any CPU.ActiveCfg = Debug|Any CPU
		{64827004-7B67-4E05-BDEF-8FB8DCE3F465}.Debug|Any CPU.Build.0 = Debug|Any CPU
		{64827004-7B67-4E05-BDEF-8FB8DCE3F465}.Release|Any CPU.ActiveCfg = Release|Any CPU
		{64827004-7B67-4E05-BDEF-8FB8DCE3F465}.Release|Any CPU.Build.0 = Release|Any CPU
		{3CAF040D-EEF3-43EF-9731-6B20F95F8C9F}.Debug|Any CPU.ActiveCfg = Debug|Any CPU
		{3CAF040D-EEF3-43EF-9731-6B20F95F8C9F}.Debug|Any CPU.Build.0 = Debug|Any CPU
		{3CAF040D-EEF3-43EF-9731-6B20F95F8C9F}.Release|Any CPU.ActiveCfg = Release|Any CPU
		{3CAF040D-EEF3-43EF-9731-6B20F95F8C9F}.Release|Any CPU.Build.0 = Release|Any CPU
	EndGlobalSection
	GlobalSection(SolutionProperties) = preSolution
		HideSolutionNode = FALSE
	EndGlobalSection
	GlobalSection(ExtensibilityGlobals) = postSolution
		SolutionGuid = {8CE9F4AB-0D7C-4D68-88D7-21841B5FBBBB}
	EndGlobalSection
EndGlobal
